// !$*UTF8*$!
{
	archiveVersion = 1;
	classes = {
	};
	objectVersion = 46;
	objects = {

/* Begin PBXBuildFile section */
		1366396F156EBE0E006051D9 /* TianjinhuaMenu.m in Sources */ = {isa = PBXBuildFile; fileRef = 1366396E156EBE0E006051D9 /* TianjinhuaMenu.m */; };
		13663984156ED1C5006051D9 /* TianjinhuaManualView.m in Sources */ = {isa = PBXBuildFile; fileRef = 13663983156ED1C5006051D9 /* TianjinhuaManualView.m */; };
		136639901570328F006051D9 /* TianjinhuaListeningController.m in Sources */ = {isa = PBXBuildFile; fileRef = 1366398F1570328F006051D9 /* TianjinhuaListeningController.m */; };
		13663995157033A8006051D9 /* TianjinhuaWord.m in Sources */ = {isa = PBXBuildFile; fileRef = 13663992157033A8006051D9 /* TianjinhuaWord.m */; };
		13663996157033A8006051D9 /* TianjinhuaWords.m in Sources */ = {isa = PBXBuildFile; fileRef = 13663994157033A8006051D9 /* TianjinhuaWords.m */; };
		13663999157033E1006051D9 /* TianjinhuaListeningView.m in Sources */ = {isa = PBXBuildFile; fileRef = 13663998157033E1006051D9 /* TianjinhuaListeningView.m */; };
		1366399C15703A80006051D9 /* TianjinhuaListeningResult.m in Sources */ = {isa = PBXBuildFile; fileRef = 1366399B15703A80006051D9 /* TianjinhuaListeningResult.m */; };
		136639B3157D6416006051D9 /* audiofile.mp3 in Resources */ = {isa = PBXBuildFile; fileRef = 136639B1157D6416006051D9 /* audiofile.mp3 */; };
		136639B4157D6416006051D9 /* pew-pew-lei.caf in Resources */ = {isa = PBXBuildFile; fileRef = 136639B2157D6416006051D9 /* pew-pew-lei.caf */; };
		136639B8157D6BD7006051D9 /* AVFoundation.framework in Frameworks */ = {isa = PBXBuildFile; fileRef = 136639B7157D6BD7006051D9 /* AVFoundation.framework */; };
		13779BB5156C35000035475C /* UIKit.framework in Frameworks */ = {isa = PBXBuildFile; fileRef = 13779BB4156C35000035475C /* UIKit.framework */; };
		13779BB7156C35000035475C /* Foundation.framework in Frameworks */ = {isa = PBXBuildFile; fileRef = 13779BB6156C35000035475C /* Foundation.framework */; };
		13779BB9156C35000035475C /* CoreGraphics.framework in Frameworks */ = {isa = PBXBuildFile; fileRef = 13779BB8156C35000035475C /* CoreGraphics.framework */; };
		13779BBF156C35000035475C /* InfoPlist.strings in Resources */ = {isa = PBXBuildFile; fileRef = 13779BBD156C35000035475C /* InfoPlist.strings */; };
		13779BC1156C35000035475C /* main.m in Sources */ = {isa = PBXBuildFile; fileRef = 13779BC0156C35000035475C /* main.m */; };
		13779BC5156C35000035475C /* TianjinhuaAppDelegate.m in Sources */ = {isa = PBXBuildFile; fileRef = 13779BC4156C35000035475C /* TianjinhuaAppDelegate.m */; };
		13779BC8156C35000035475C /* MainStoryboard.storyboard in Resources */ = {isa = PBXBuildFile; fileRef = 13779BC6156C35000035475C /* MainStoryboard.storyboard */; };
		13779BCB156C35000035475C /* TianjinhuaViewController.m in Sources */ = {isa = PBXBuildFile; fileRef = 13779BCA156C35000035475C /* TianjinhuaViewController.m */; };
/* End PBXBuildFile section */

/* Begin PBXFileReference section */
		1366396D156EBE0E006051D9 /* TianjinhuaMenu.h */ = {isa = PBXFileReference; fileEncoding = 4; lastKnownFileType = sourcecode.c.h; path = TianjinhuaMenu.h; sourceTree = "<group>"; };
		1366396E156EBE0E006051D9 /* TianjinhuaMenu.m */ = {isa = PBXFileReference; fileEncoding = 4; lastKnownFileType = sourcecode.c.objc; path = TianjinhuaMenu.m; sourceTree = "<group>"; };
		13663982156ED1C5006051D9 /* TianjinhuaManualView.h */ = {isa = PBXFileReference; fileEncoding = 4; lastKnownFileType = sourcecode.c.h; path = TianjinhuaManualView.h; sourceTree = "<group>"; };
		13663983156ED1C5006051D9 /* TianjinhuaManualView.m */ = {isa = PBXFileReference; fileEncoding = 4; lastKnownFileType = sourcecode.c.objc; path = TianjinhuaManualView.m; sourceTree = "<group>"; };
		1366398E1570328F006051D9 /* TianjinhuaListeningController.h */ = {isa = PBXFileReference; fileEncoding = 4; lastKnownFileType = sourcecode.c.h; name = TianjinhuaListeningController.h; path = listening/TianjinhuaListeningController.h; sourceTree = "<group>"; };
		1366398F1570328F006051D9 /* TianjinhuaListeningController.m */ = {isa = PBXFileReference; fileEncoding = 4; lastKnownFileType = sourcecode.c.objc; name = TianjinhuaListeningController.m; path = listening/TianjinhuaListeningController.m; sourceTree = "<group>"; };
		13663991157033A8006051D9 /* TianjinhuaWord.h */ = {isa = PBXFileReference; fileEncoding = 4; lastKnownFileType = sourcecode.c.h; name = TianjinhuaWord.h; path = Words/TianjinhuaWord.h; sourceTree = "<group>"; };
		13663992157033A8006051D9 /* TianjinhuaWord.m */ = {isa = PBXFileReference; fileEncoding = 4; lastKnownFileType = sourcecode.c.objc; name = TianjinhuaWord.m; path = Words/TianjinhuaWord.m; sourceTree = "<group>"; };
		13663993157033A8006051D9 /* TianjinhuaWords.h */ = {isa = PBXFileReference; fileEncoding = 4; lastKnownFileType = sourcecode.c.h; name = TianjinhuaWords.h; path = Words/TianjinhuaWords.h; sourceTree = "<group>"; };
		13663994157033A8006051D9 /* TianjinhuaWords.m */ = {isa = PBXFileReference; fileEncoding = 4; lastKnownFileType = sourcecode.c.objc; name = TianjinhuaWords.m; path = Words/TianjinhuaWords.m; sourceTree = "<group>"; };
		13663997157033E1006051D9 /* TianjinhuaListeningView.h */ = {isa = PBXFileReference; fileEncoding = 4; lastKnownFileType = sourcecode.c.h; name = TianjinhuaListeningView.h; path = Listening/TianjinhuaListeningView.h; sourceTree = "<group>"; };
		13663998157033E1006051D9 /* TianjinhuaListeningView.m */ = {isa = PBXFileReference; fileEncoding = 4; lastKnownFileType = sourcecode.c.objc; name = TianjinhuaListeningView.m; path = Listening/TianjinhuaListeningView.m; sourceTree = "<group>"; };
		1366399A15703A80006051D9 /* TianjinhuaListeningResult.h */ = {isa = PBXFileReference; fileEncoding = 4; lastKnownFileType = sourcecode.c.h; name = TianjinhuaListeningResult.h; path = Listening/TianjinhuaListeningResult.h; sourceTree = "<group>"; };
		1366399B15703A80006051D9 /* TianjinhuaListeningResult.m */ = {isa = PBXFileReference; fileEncoding = 4; lastKnownFileType = sourcecode.c.objc; name = TianjinhuaListeningResult.m; path = Listening/TianjinhuaListeningResult.m; sourceTree = "<group>"; };
		136639B1157D6416006051D9 /* audiofile.mp3 */ = {isa = PBXFileReference; lastKnownFileType = audio.mp3; name = audiofile.mp3; path = Sounds/audiofile.mp3; sourceTree = "<group>"; };
		136639B2157D6416006051D9 /* pew-pew-lei.caf */ = {isa = PBXFileReference; lastKnownFileType = file; name = "pew-pew-lei.caf"; path = "Sounds/pew-pew-lei.caf"; sourceTree = "<group>"; };
		136639B7157D6BD7006051D9 /* AVFoundation.framework */ = {isa = PBXFileReference; lastKnownFileType = wrapper.framework; name = AVFoundation.framework; path = System/Library/Frameworks/AVFoundation.framework; sourceTree = SDKROOT; };
		13779BB0156C35000035475C /* Tianjinhua.app */ = {isa = PBXFileReference; explicitFileType = wrapper.application; includeInIndex = 0; path = Tianjinhua.app; sourceTree = BUILT_PRODUCTS_DIR; };
		13779BB4156C35000035475C /* UIKit.framework */ = {isa = PBXFileReference; lastKnownFileType = wrapper.framework; name = UIKit.framework; path = System/Library/Frameworks/UIKit.framework; sourceTree = SDKROOT; };
		13779BB6156C35000035475C /* Foundation.framework */ = {isa = PBXFileReference; lastKnownFileType = wrapper.framework; name = Foundation.framework; path = System/Library/Frameworks/Foundation.framework; sourceTree = SDKROOT; };
		13779BB8156C35000035475C /* CoreGraphics.framework */ = {isa = PBXFileReference; lastKnownFileType = wrapper.framework; name = CoreGraphics.framework; path = System/Library/Frameworks/CoreGraphics.framework; sourceTree = SDKROOT; };
		13779BBC156C35000035475C /* Tianjinhua-Info.plist */ = {isa = PBXFileReference; lastKnownFileType = text.plist.xml; path = "Tianjinhua-Info.plist"; sourceTree = "<group>"; };
		13779BBE156C35000035475C /* en */ = {isa = PBXFileReference; lastKnownFileType = text.plist.strings; name = en; path = en.lproj/InfoPlist.strings; sourceTree = "<group>"; };
		13779BC0156C35000035475C /* main.m */ = {isa = PBXFileReference; lastKnownFileType = sourcecode.c.objc; path = main.m; sourceTree = "<group>"; };
		13779BC2156C35000035475C /* Tianjinhua-Prefix.pch */ = {isa = PBXFileReference; lastKnownFileType = sourcecode.c.h; path = "Tianjinhua-Prefix.pch"; sourceTree = "<group>"; };
		13779BC3156C35000035475C /* TianjinhuaAppDelegate.h */ = {isa = PBXFileReference; lastKnownFileType = sourcecode.c.h; path = TianjinhuaAppDelegate.h; sourceTree = "<group>"; };
		13779BC4156C35000035475C /* TianjinhuaAppDelegate.m */ = {isa = PBXFileReference; lastKnownFileType = sourcecode.c.objc; path = TianjinhuaAppDelegate.m; sourceTree = "<group>"; };
		13779BC7156C35000035475C /* en */ = {isa = PBXFileReference; lastKnownFileType = file.storyboard; name = en; path = en.lproj/MainStoryboard.storyboard; sourceTree = "<group>"; };
		13779BC9156C35000035475C /* TianjinhuaViewController.h */ = {isa = PBXFileReference; lastKnownFileType = sourcecode.c.h; path = TianjinhuaViewController.h; sourceTree = "<group>"; };
		13779BCA156C35000035475C /* TianjinhuaViewController.m */ = {isa = PBXFileReference; lastKnownFileType = sourcecode.c.objc; path = TianjinhuaViewController.m; sourceTree = "<group>"; };
/* End PBXFileReference section */

/* Begin PBXFrameworksBuildPhase section */
		13779BAD156C35000035475C /* Frameworks */ = {
			isa = PBXFrameworksBuildPhase;
			buildActionMask = 2147483647;
			files = (
				136639B8157D6BD7006051D9 /* AVFoundation.framework in Frameworks */,
				13779BB5156C35000035475C /* UIKit.framework in Frameworks */,
				13779BB7156C35000035475C /* Foundation.framework in Frameworks */,
				13779BB9156C35000035475C /* CoreGraphics.framework in Frameworks */,
			);
			runOnlyForDeploymentPostprocessing = 0;
		};
/* End PBXFrameworksBuildPhase section */

/* Begin PBXGroup section */
		1366398C157029D3006051D9 /* Listening */ = {
			isa = PBXGroup;
			children = (
				13663997157033E1006051D9 /* TianjinhuaListeningView.h */,
				13663998157033E1006051D9 /* TianjinhuaListeningView.m */,
				1366398E1570328F006051D9 /* TianjinhuaListeningController.h */,
				1366398F1570328F006051D9 /* TianjinhuaListeningController.m */,
				1366399A15703A80006051D9 /* TianjinhuaListeningResult.h */,
				1366399B15703A80006051D9 /* TianjinhuaListeningResult.m */,
			);
			name = Listening;
			sourceTree = "<group>";
		};
		1366398D15702A23006051D9 /* Words */ = {
			isa = PBXGroup;
			children = (
				13663991157033A8006051D9 /* TianjinhuaWord.h */,
				13663992157033A8006051D9 /* TianjinhuaWord.m */,
				13663993157033A8006051D9 /* TianjinhuaWords.h */,
				13663994157033A8006051D9 /* TianjinhuaWords.m */,
			);
			name = Words;
			sourceTree = "<group>";
		};
		136639B6157D6432006051D9 /* Sounds */ = {
			isa = PBXGroup;
			children = (
				136639B1157D6416006051D9 /* audiofile.mp3 */,
				136639B2157D6416006051D9 /* pew-pew-lei.caf */,
			);
			name = Sounds;
			sourceTree = "<group>";
		};
		13779BA5156C35000035475C = {
			isa = PBXGroup;
			children = (
				136639B7157D6BD7006051D9 /* AVFoundation.framework */,
				13779BBA156C35000035475C /* Tianjinhua */,
				13779BBB156C35000035475C /* Supporting Files */,
				13779BB3156C35000035475C /* Frameworks */,
				13779BB1156C35000035475C /* Products */,
			);
			sourceTree = "<group>";
		};
		13779BB1156C35000035475C /* Products */ = {
			isa = PBXGroup;
			children = (
				13779BB0156C35000035475C /* Tianjinhua.app */,
			);
			name = Products;
			sourceTree = "<group>";
		};
		13779BB3156C35000035475C /* Frameworks */ = {
			isa = PBXGroup;
			children = (
				13779BB4156C35000035475C /* UIKit.framework */,
				13779BB6156C35000035475C /* Foundation.framework */,
				13779BB8156C35000035475C /* CoreGraphics.framework */,
			);
			name = Frameworks;
			sourceTree = "<group>";
		};
		13779BBA156C35000035475C /* Tianjinhua */ = {
			isa = PBXGroup;
			children = (
				136639B6157D6432006051D9 /* Sounds */,
				13779BC3156C35000035475C /* TianjinhuaAppDelegate.h */,
				13779BC4156C35000035475C /* TianjinhuaAppDelegate.m */,
				13779BC6156C35000035475C /* MainStoryboard.storyboard */,
				13663982156ED1C5006051D9 /* TianjinhuaManualView.h */,
				13663983156ED1C5006051D9 /* TianjinhuaManualView.m */,
				1366396D156EBE0E006051D9 /* TianjinhuaMenu.h */,
				1366396E156EBE0E006051D9 /* TianjinhuaMenu.m */,
				13779BC9156C35000035475C /* TianjinhuaViewController.h */,
				13779BCA156C35000035475C /* TianjinhuaViewController.m */,
				1366398D15702A23006051D9 /* Words */,
				1366398C157029D3006051D9 /* Listening */,
			);
			path = Tianjinhua;
			sourceTree = "<group>";
		};
		13779BBB156C35000035475C /* Supporting Files */ = {
			isa = PBXGroup;
			children = (
				13779BBC156C35000035475C /* Tianjinhua-Info.plist */,
				13779BBD156C35000035475C /* InfoPlist.strings */,
				13779BC0156C35000035475C /* main.m */,
				13779BC2156C35000035475C /* Tianjinhua-Prefix.pch */,
			);
			name = "Supporting Files";
			path = Tianjinhua;
			sourceTree = "<group>";
		};
/* End PBXGroup section */

/* Begin PBXNativeTarget section */
		13779BAF156C35000035475C /* Tianjinhua */ = {
			isa = PBXNativeTarget;
			buildConfigurationList = 13779BCE156C35000035475C /* Build configuration list for PBXNativeTarget "Tianjinhua" */;
			buildPhases = (
				13779BAC156C35000035475C /* Sources */,
				13779BAD156C35000035475C /* Frameworks */,
				13779BAE156C35000035475C /* Resources */,
			);
			buildRules = (
			);
			dependencies = (
			);
			name = Tianjinhua;
			productName = Tianjinhua;
			productReference = 13779BB0156C35000035475C /* Tianjinhua.app */;
			productType = "com.apple.product-type.application";
		};
/* End PBXNativeTarget section */

/* Begin PBXProject section */
		13779BA7156C35000035475C /* Project object */ = {
			isa = PBXProject;
			attributes = {
				CLASSPREFIX = Tianjinhua;
				LastUpgradeCheck = 0430;
			};
			buildConfigurationList = 13779BAA156C35000035475C /* Build configuration list for PBXProject "Tianjinhua" */;
			compatibilityVersion = "Xcode 3.2";
			developmentRegion = English;
			hasScannedForEncodings = 0;
			knownRegions = (
				en,
			);
			mainGroup = 13779BA5156C35000035475C;
			productRefGroup = 13779BB1156C35000035475C /* Products */;
			projectDirPath = "";
			projectRoot = "";
			targets = (
				13779BAF156C35000035475C /* Tianjinhua */,
			);
		};
/* End PBXProject section */

/* Begin PBXResourcesBuildPhase section */
		13779BAE156C35000035475C /* Resources */ = {
			isa = PBXResourcesBuildPhase;
			buildActionMask = 2147483647;
			files = (
				13779BBF156C35000035475C /* InfoPlist.strings in Resources */,
				13779BC8156C35000035475C /* MainStoryboard.storyboard in Resources */,
				136639B3157D6416006051D9 /* audiofile.mp3 in Resources */,
				136639B4157D6416006051D9 /* pew-pew-lei.caf in Resources */,
			);
			runOnlyForDeploymentPostprocessing = 0;
		};
/* End PBXResourcesBuildPhase section */

/* Begin PBXSourcesBuildPhase section */
		13779BAC156C35000035475C /* Sources */ = {
			isa = PBXSourcesBuildPhase;
			buildActionMask = 2147483647;
			files = (
				13779BC1156C35000035475C /* main.m in Sources */,
				13779BC5156C35000035475C /* TianjinhuaAppDelegate.m in Sources */,
				13779BCB156C35000035475C /* TianjinhuaViewController.m in Sources */,
				1366396F156EBE0E006051D9 /* TianjinhuaMenu.m in Sources */,
				13663984156ED1C5006051D9 /* TianjinhuaManualView.m in Sources */,
				136639901570328F006051D9 /* TianjinhuaListeningController.m in Sources */,
				13663995157033A8006051D9 /* TianjinhuaWord.m in Sources */,
				13663996157033A8006051D9 /* TianjinhuaWords.m in Sources */,
				13663999157033E1006051D9 /* TianjinhuaListeningView.m in Sources */,
				1366399C15703A80006051D9 /* TianjinhuaListeningResult.m in Sources */,
			);
			runOnlyForDeploymentPostprocessing = 0;
		};
/* End PBXSourcesBuildPhase section */

/* Begin PBXVariantGroup section */
		13779BBD156C35000035475C /* InfoPlist.strings */ = {
			isa = PBXVariantGroup;
			children = (
				13779BBE156C35000035475C /* en */,
			);
			name = InfoPlist.strings;
			sourceTree = "<group>";
		};
		13779BC6156C35000035475C /* MainStoryboard.storyboard */ = {
			isa = PBXVariantGroup;
			children = (
				13779BC7156C35000035475C /* en */,
			);
			name = MainStoryboard.storyboard;
			sourceTree = "<group>";
		};
/* End PBXVariantGroup section */

/* Begin XCBuildConfiguration section */
		13779BCC156C35000035475C /* Debug */ = {
			isa = XCBuildConfiguration;
			buildSettings = {
				ALWAYS_SEARCH_USER_PATHS = NO;
				ARCHS = "$(ARCHS_STANDARD_32_BIT)";
				CLANG_ENABLE_OBJC_ARC = YES;
				"CODE_SIGN_IDENTITY[sdk=iphoneos*]" = "iPhone Developer";
				COPY_PHASE_STRIP = NO;
				GCC_C_LANGUAGE_STANDARD = gnu99;
				GCC_DYNAMIC_NO_PIC = NO;
				GCC_OPTIMIZATION_LEVEL = 0;
				GCC_PREPROCESSOR_DEFINITIONS = (
					"DEBUG=1",
					"$(inherited)",
				);
				GCC_SYMBOLS_PRIVATE_EXTERN = NO;
				GCC_VERSION = com.apple.compilers.llvm.clang.1_0;
				GCC_WARN_ABOUT_RETURN_TYPE = YES;
				GCC_WARN_UNINITIALIZED_AUTOS = YES;
				GCC_WARN_UNUSED_VARIABLE = YES;
				IPHONEOS_DEPLOYMENT_TARGET = 5.1;
				SDKROOT = iphoneos;
			};
			name = Debug;
		};
		13779BCD156C35000035475C /* Release */ = {
			isa = XCBuildConfiguration;
			buildSettings = {
				ALWAYS_SEARCH_USER_PATHS = NO;
				ARCHS = "$(ARCHS_STANDARD_32_BIT)";
				CLANG_ENABLE_OBJC_ARC = YES;
				"CODE_SIGN_IDENTITY[sdk=iphoneos*]" = "iPhone Developer";
				COPY_PHASE_STRIP = YES;
				GCC_C_LANGUAGE_STANDARD = gnu99;
				GCC_VERSION = com.apple.compilers.llvm.clang.1_0;
				GCC_WARN_ABOUT_RETURN_TYPE = YES;
				GCC_WARN_UNINITIALIZED_AUTOS = YES;
				GCC_WARN_UNUSED_VARIABLE = YES;
				IPHONEOS_DEPLOYMENT_TARGET = 5.1;
				OTHER_CFLAGS = "-DNS_BLOCK_ASSERTIONS=1";
				SDKROOT = iphoneos;
				VALIDATE_PRODUCT = YES;
			};
			name = Release;
		};
		13779BCF156C35000035475C /* Debug */ = {
			isa = XCBuildConfiguration;
			buildSettings = {
				GCC_PRECOMPILE_PREFIX_HEADER = YES;
				GCC_PREFIX_HEADER = "Tianjinhua/Tianjinhua-Prefix.pch";
				INFOPLIST_FILE = "Tianjinhua/Tianjinhua-Info.plist";
				PRODUCT_NAME = "$(TARGET_NAME)";
				WRAPPER_EXTENSION = app;
			};
			name = Debug;
		};
		13779BD0156C35000035475C /* Release */ = {
			isa = XCBuildConfiguration;
			buildSettings = {
				GCC_PRECOMPILE_PREFIX_HEADER = YES;
				GCC_PREFIX_HEADER = "Tianjinhua/Tianjinhua-Prefix.pch";
				INFOPLIST_FILE = "Tianjinhua/Tianjinhua-Info.plist";
				PRODUCT_NAME = "$(TARGET_NAME)";
				WRAPPER_EXTENSION = app;
			};
			name = Release;
		};
/* End XCBuildConfiguration section */

/* Begin XCConfigurationList section */
		13779BAA156C35000035475C /* Build configuration list for PBXProject "Tianjinhua" */ = {
			isa = XCConfigurationList;
			buildConfigurations = (
				13779BCC156C35000035475C /* Debug */,
				13779BCD156C35000035475C /* Release */,
			);
			defaultConfigurationIsVisible = 0;
			defaultConfigurationName = Release;
		};
		13779BCE156C35000035475C /* Build configuration list for PBXNativeTarget "Tianjinhua" */ = {
			isa = XCConfigurationList;
			buildConfigurations = (
				13779BCF156C35000035475C /* Debug */,
				13779BD0156C35000035475C /* Release */,
			);
			defaultConfigurationIsVisible = 0;
			defaultConfigurationName = Release;
		};
/* End XCConfigurationList section */
	};
	rootObject = 13779BA7156C35000035475C /* Project object */;
}
